# THIS IS AN AUTOGENERATED FILE. DO NOT EDIT THIS FILE DIRECTLY.
# yarn lockfile v1


"@ampproject/worker-dom@^0.24.0":
  version "0.24.0"
  resolved "https://registry.yarnpkg.com/@ampproject/worker-dom/-/worker-dom-0.24.0.tgz#9c26183e73550e2d08fa4e6d26dbf8c504b2401e"
  integrity sha512-dvIaalyiboxZDOeliq1Msqn3I0hMybz7wdIiEafahf6Q/nRoK2PxTE3Xz+WyeJe4zi8CCMnSNxbmjjIHhG/+rw==

preact@^10.3.3:
  version "10.3.3"
  resolved "https://registry.yarnpkg.com/preact/-/preact-10.3.3.tgz#31a949cdc89dd1cf72bc2b94f80ad55d1ac8c7e6"
  integrity sha512-8EWUuHuLhX48uK0acnnXwBL/ZyrgeadnyhxG6hFI85BhwmquyGwWzfj2SylCNdEyltkdgbY3FZzQOM2mG1leAg==

servor@^3.2.0:
  version "3.2.0"
  resolved "https://registry.yarnpkg.com/servor/-/servor-3.2.0.tgz#d630025ac69a7da7724bd6e1f02d65f9a56f8cca"
  integrity sha512-L9wmcl6AMlDN4DOmnjpY2ZoWmC3c6h4dxAug5oNq1uQrV2ZuPc6pKejwsZ23EBo7Sw0nZUZ8zN0qswHc/JZs2g==
